
Microsoft Visual Studio Solution File, Format Version 12.00
# Visual Studio Version 17
VisualStudioVersion = 17.14.36401.2 d17.14
MinimumVisualStudioVersion = 10.0.40219.1
Project("{888888A0-9F3D-457C-B088-3A5042F75D52}") = "Signlanguage111111", "Signlanguage111111.pyproj", "{A6763331-121C-4F18-A1AB-08A03B964B81}"
EndProject
Global
	GlobalSection(SolutionConfigurationPlatforms) = preSolution
		Debug|Any CPU = Debug|Any CPU
		Release|Any CPU = Release|Any CPU
	EndGlobalSection
	GlobalSection(ProjectConfigurationPlatforms) = postSolution
		{A6763331-121C-4F18-A1AB-08A03B964B81}.Debug|Any CPU.ActiveCfg = Debug|Any CPU
		{A6763331-121C-4F18-A1AB-08A03B964B81}.Release|Any CPU.ActiveCfg = Release|Any CPU
	EndGlobalSection
	GlobalSection(SolutionProperties) = preSolution
		HideSolutionNode = FALSE
	EndGlobalSection
	GlobalSection(ExtensibilityGlobals) = postSolution
		SolutionGuid = {131156ED-EB75-47A4-8AEE-10C10A0A2467}
	EndGlobalSection
EndGlobal
